
Microsoft Visual Studio Solution File, Format Version 12.00
# Visual Studio 15
Project("{FAE04EC0-301F-11D3-BF4B-00C04F79EFBC}") = "Deliverable1KNCurrencyFormatConverter", "Deliverable1KNCurrencyFormatConverter\Deliverable1KNCurrencyFormatConverter.csproj", "{26954FFE-F1E4-49B9-A20C-4313EFFA3F2F}"
EndProject
Global
	GlobalSection(SolutionConfigurationPlatforms) = preSolution
		Debug|x86 = Debug|x86
		Release|x86 = Release|x86
	EndGlobalSection
	GlobalSection(ProjectConfigurationPlatforms) = postSolution
		{26954FFE-F1E4-49B9-A20C-4313EFFA3F2F}.Debug|x86.ActiveCfg = Debug|x86
		{26954FFE-F1E4-49B9-A20C-4313EFFA3F2F}.Debug|x86.Build.0 = Debug|x86
		{26954FFE-F1E4-49B9-A20C-4313EFFA3F2F}.Release|x86.ActiveCfg = Release|x86
		{26954FFE-F1E4-49B9-A20C-4313EFFA3F2F}.Release|x86.Build.0 = Release|x86
	EndGlobalSection
EndGlobal
